
Microsoft Visual Studio Solution File, Format Version 12.00
# Visual Studio 15
VisualStudioVersion = 15.0.28307.1022
MinimumVisualStudioVersion = 10.0.40219.1
Project("{FAE04EC0-301F-11D3-BF4B-00C04F79EFBC}") = "Cas31", "Cas31\Cas31.csproj", "{AA56AB9E-BF77-4B42-B95F-45745082514A}"
EndProject
Global
	GlobalSection(SolutionConfigurationPlatforms) = preSolution
		Debug|Any CPU = Debug|Any CPU
		Release|Any CPU = Release|Any CPU
	EndGlobalSection
	GlobalSection(ProjectConfigurationPlatforms) = postSolution
		{AA56AB9E-BF77-4B42-B95F-45745082514A}.Debug|Any CPU.ActiveCfg = Debug|Any CPU
		{AA56AB9E-BF77-4B42-B95F-45745082514A}.Debug|Any CPU.Build.0 = Debug|Any CPU
		{AA56AB9E-BF77-4B42-B95F-45745082514A}.Release|Any CPU.ActiveCfg = Release|Any CPU
		{AA56AB9E-BF77-4B42-B95F-45745082514A}.Release|Any CPU.Build.0 = Release|Any CPU
	EndGlobalSection
	GlobalSection(SolutionProperties) = preSolution
		HideSolutionNode = FALSE
	EndGlobalSection
	GlobalSection(ExtensibilityGlobals) = postSolution
		SolutionGuid = {B942EEB4-9FDA-41CC-9546-61350678BB50}
	EndGlobalSection
EndGlobal
